
Microsoft Visual Studio Solution File, Format Version 12.00
# Visual Studio Version 16
VisualStudioVersion = 16.0.30907.101
MinimumVisualStudioVersion = 10.0.40219.1
Project("{FAE04EC0-301F-11D3-BF4B-00C04F79EFBC}") = "Week7Consegna", "Week7Consegna\Week7Consegna.csproj", "{BBC09B3A-F8BF-4A6B-9D2E-153126513C7E}"
EndProject
Global
	GlobalSection(SolutionConfigurationPlatforms) = preSolution
		Debug|Any CPU = Debug|Any CPU
		Release|Any CPU = Release|Any CPU
	EndGlobalSection
	GlobalSection(ProjectConfigurationPlatforms) = postSolution
		{BBC09B3A-F8BF-4A6B-9D2E-153126513C7E}.Debug|Any CPU.ActiveCfg = Debug|Any CPU
		{BBC09B3A-F8BF-4A6B-9D2E-153126513C7E}.Debug|Any CPU.Build.0 = Debug|Any CPU
		{BBC09B3A-F8BF-4A6B-9D2E-153126513C7E}.Release|Any CPU.ActiveCfg = Release|Any CPU
		{BBC09B3A-F8BF-4A6B-9D2E-153126513C7E}.Release|Any CPU.Build.0 = Release|Any CPU
	EndGlobalSection
	GlobalSection(SolutionProperties) = preSolution
		HideSolutionNode = FALSE
	EndGlobalSection
	GlobalSection(ExtensibilityGlobals) = postSolution
		SolutionGuid = {E51512D1-E229-458B-8877-CE7E82CF31F2}
	EndGlobalSection
EndGlobal
